
Microsoft Visual Studio Solution File, Format Version 12.00
# Visual Studio Version 17
VisualStudioVersion = 17.0.31903.59
MinimumVisualStudioVersion = 10.0.40219.1
Project("{8BC9CEB8-8B4A-11D0-8D11-00A0C91BC942}") = "3d_renderer_cpp", "Main\Main.vcxproj", "{8D8AC3EB-A623-4F6B-AC25-0294BD530DBD}"
	ProjectSection(ProjectDependencies) = postProject
		{691EB2AF-C29D-41CA-9D72-3526E11C1E2C} = {691EB2AF-C29D-41CA-9D72-3526E11C1E2C}
	EndProjectSection
EndProject
Project("{8BC9CEB8-8B4A-11D0-8D11-00A0C91BC942}") = "Tests", "Tests\Tests.vcxproj", "{90AC9B29-AF41-49B7-AC33-4A522E1ED109}"
	ProjectSection(ProjectDependencies) = postProject
		{691EB2AF-C29D-41CA-9D72-3526E11C1E2C} = {691EB2AF-C29D-41CA-9D72-3526E11C1E2C}
		{8D8AC3EB-A623-4F6B-AC25-0294BD530DBD} = {8D8AC3EB-A623-4F6B-AC25-0294BD530DBD}
	EndProjectSection
EndProject
Project("{8BC9CEB8-8B4A-11D0-8D11-00A0C91BC942}") = "bengine", "bengine\bengine.vcxproj", "{691EB2AF-C29D-41CA-9D72-3526E11C1E2C}"
EndProject
Global
	GlobalSection(SolutionConfigurationPlatforms) = preSolution
		Debug|x64 = Debug|x64
		Debug|x86 = Debug|x86
		Release|x64 = Release|x64
		Release|x86 = Release|x86
	EndGlobalSection
	GlobalSection(ProjectConfigurationPlatforms) = postSolution
		{8D8AC3EB-A623-4F6B-AC25-0294BD530DBD}.Debug|x64.ActiveCfg = Debug|x64
		{8D8AC3EB-A623-4F6B-AC25-0294BD530DBD}.Debug|x64.Build.0 = Debug|x64
		{8D8AC3EB-A623-4F6B-AC25-0294BD530DBD}.Debug|x86.ActiveCfg = Debug|Win32
		{8D8AC3EB-A623-4F6B-AC25-0294BD530DBD}.Debug|x86.Build.0 = Debug|Win32
		{8D8AC3EB-A623-4F6B-AC25-0294BD530DBD}.Release|x64.ActiveCfg = Release|x64
		{8D8AC3EB-A623-4F6B-AC25-0294BD530DBD}.Release|x64.Build.0 = Release|x64
		{8D8AC3EB-A623-4F6B-AC25-0294BD530DBD}.Release|x86.ActiveCfg = Release|Win32
		{8D8AC3EB-A623-4F6B-AC25-0294BD530DBD}.Release|x86.Build.0 = Release|Win32
		{90AC9B29-AF41-49B7-AC33-4A522E1ED109}.Debug|x64.ActiveCfg = Debug|x64
		{90AC9B29-AF41-49B7-AC33-4A522E1ED109}.Debug|x64.Build.0 = Debug|x64
		{90AC9B29-AF41-49B7-AC33-4A522E1ED109}.Debug|x86.ActiveCfg = Debug|Win32
		{90AC9B29-AF41-49B7-AC33-4A522E1ED109}.Debug|x86.Build.0 = Debug|Win32
		{90AC9B29-AF41-49B7-AC33-4A522E1ED109}.Release|x64.ActiveCfg = Release|x64
		{90AC9B29-AF41-49B7-AC33-4A522E1ED109}.Release|x64.Build.0 = Release|x64
		{90AC9B29-AF41-49B7-AC33-4A522E1ED109}.Release|x86.ActiveCfg = Release|Win32
		{90AC9B29-AF41-49B7-AC33-4A522E1ED109}.Release|x86.Build.0 = Release|Win32
		{691EB2AF-C29D-41CA-9D72-3526E11C1E2C}.Debug|x64.ActiveCfg = Debug|x64
		{691EB2AF-C29D-41CA-9D72-3526E11C1E2C}.Debug|x64.Build.0 = Debug|x64
		{691EB2AF-C29D-41CA-9D72-3526E11C1E2C}.Debug|x86.ActiveCfg = Debug|Win32
		{691EB2AF-C29D-41CA-9D72-3526E11C1E2C}.Debug|x86.Build.0 = Debug|Win32
		{691EB2AF-C29D-41CA-9D72-3526E11C1E2C}.Release|x64.ActiveCfg = Release|x64
		{691EB2AF-C29D-41CA-9D72-3526E11C1E2C}.Release|x64.Build.0 = Release|x64
		{691EB2AF-C29D-41CA-9D72-3526E11C1E2C}.Release|x86.ActiveCfg = Release|Win32
		{691EB2AF-C29D-41CA-9D72-3526E11C1E2C}.Release|x86.Build.0 = Release|Win32
	EndGlobalSection
	GlobalSection(SolutionProperties) = preSolution
		HideSolutionNode = FALSE
	EndGlobalSection
	GlobalSection(ExtensibilityGlobals) = postSolution
		SolutionGuid = {7A9ABED0-7ACB-48CC-BE59-2A8468ED11DB}
	EndGlobalSection
EndGlobal
