
Microsoft Visual Studio Solution File, Format Version 12.00
# Visual Studio Version 17
VisualStudioVersion = 17.0.31903.59
MinimumVisualStudioVersion = 10.0.40219.1
Project("{8BC9CEB8-8B4A-11D0-8D11-00A0C91BC942}") = "Main", "Main\Main.vcxproj", "{8D8AC3EB-A623-4F6B-AC25-0294BD530DBD}"
EndProject
Project("{8BC9CEB8-8B4A-11D0-8D11-00A0C91BC942}") = "Tests", "Tests\Tests.vcxproj", "{39034D52-68D6-4D7A-A3A3-8DA3DE50517F}"
EndProject
Global
	GlobalSection(SolutionConfigurationPlatforms) = preSolution
		Debug|x64 = Debug|x64
		Debug|x86 = Debug|x86
		Release|x64 = Release|x64
		Release|x86 = Release|x86
	EndGlobalSection
	GlobalSection(ProjectConfigurationPlatforms) = postSolution
		{8D8AC3EB-A623-4F6B-AC25-0294BD530DBD}.Debug|x64.ActiveCfg = Debug|x64
		{8D8AC3EB-A623-4F6B-AC25-0294BD530DBD}.Debug|x64.Build.0 = Debug|x64
		{8D8AC3EB-A623-4F6B-AC25-0294BD530DBD}.Debug|x86.ActiveCfg = Debug|Win32
		{8D8AC3EB-A623-4F6B-AC25-0294BD530DBD}.Debug|x86.Build.0 = Debug|Win32
		{8D8AC3EB-A623-4F6B-AC25-0294BD530DBD}.Release|x64.ActiveCfg = Release|x64
		{8D8AC3EB-A623-4F6B-AC25-0294BD530DBD}.Release|x64.Build.0 = Release|x64
		{8D8AC3EB-A623-4F6B-AC25-0294BD530DBD}.Release|x86.ActiveCfg = Release|Win32
		{8D8AC3EB-A623-4F6B-AC25-0294BD530DBD}.Release|x86.Build.0 = Release|Win32
		{39034D52-68D6-4D7A-A3A3-8DA3DE50517F}.Debug|x64.ActiveCfg = Debug|x64
		{39034D52-68D6-4D7A-A3A3-8DA3DE50517F}.Debug|x64.Build.0 = Debug|x64
		{39034D52-68D6-4D7A-A3A3-8DA3DE50517F}.Debug|x86.ActiveCfg = Debug|Win32
		{39034D52-68D6-4D7A-A3A3-8DA3DE50517F}.Debug|x86.Build.0 = Debug|Win32
		{39034D52-68D6-4D7A-A3A3-8DA3DE50517F}.Release|x64.ActiveCfg = Release|x64
		{39034D52-68D6-4D7A-A3A3-8DA3DE50517F}.Release|x64.Build.0 = Release|x64
		{39034D52-68D6-4D7A-A3A3-8DA3DE50517F}.Release|x86.ActiveCfg = Release|Win32
		{39034D52-68D6-4D7A-A3A3-8DA3DE50517F}.Release|x86.Build.0 = Release|Win32
	EndGlobalSection
	GlobalSection(SolutionProperties) = preSolution
		HideSolutionNode = FALSE
	EndGlobalSection
	GlobalSection(ExtensibilityGlobals) = postSolution
		SolutionGuid = {7A9ABED0-7ACB-48CC-BE59-2A8468ED11DB}
	EndGlobalSection
EndGlobal
